
Microsoft Visual Studio Solution File, Format Version 12.00
# Visual Studio Version 16
VisualStudioVersion = 16.0.30717.126
MinimumVisualStudioVersion = 10.0.40219.1
Project("{9A19103F-16F7-4668-BE54-9A1E7A4F7556}") = "CG.Linq", "CG.Linq\CG.Linq.csproj", "{8C5741A4-5899-4BA7-9A69-769C1D885823}"
EndProject
Project("{9A19103F-16F7-4668-BE54-9A1E7A4F7556}") = "CG.Linq.Tests", "..\tests\CG.Linq.Tests\CG.Linq.Tests.csproj", "{CD555262-8912-4E6C-85F2-BCC9AB288CDE}"
EndProject
Global
	GlobalSection(SolutionConfigurationPlatforms) = preSolution
		Debug|Any CPU = Debug|Any CPU
		Release|Any CPU = Release|Any CPU
	EndGlobalSection
	GlobalSection(ProjectConfigurationPlatforms) = postSolution
		{8C5741A4-5899-4BA7-9A69-769C1D885823}.Debug|Any CPU.ActiveCfg = Debug|Any CPU
		{8C5741A4-5899-4BA7-9A69-769C1D885823}.Debug|Any CPU.Build.0 = Debug|Any CPU
		{8C5741A4-5899-4BA7-9A69-769C1D885823}.Release|Any CPU.ActiveCfg = Release|Any CPU
		{8C5741A4-5899-4BA7-9A69-769C1D885823}.Release|Any CPU.Build.0 = Release|Any CPU
		{CD555262-8912-4E6C-85F2-BCC9AB288CDE}.Debug|Any CPU.ActiveCfg = Debug|Any CPU
		{CD555262-8912-4E6C-85F2-BCC9AB288CDE}.Debug|Any CPU.Build.0 = Debug|Any CPU
		{CD555262-8912-4E6C-85F2-BCC9AB288CDE}.Release|Any CPU.ActiveCfg = Release|Any CPU
		{CD555262-8912-4E6C-85F2-BCC9AB288CDE}.Release|Any CPU.Build.0 = Release|Any CPU
	EndGlobalSection
	GlobalSection(SolutionProperties) = preSolution
		HideSolutionNode = FALSE
	EndGlobalSection
	GlobalSection(ExtensibilityGlobals) = postSolution
		SolutionGuid = {F577B14B-621C-48BC-A206-855A42EDECDE}
	EndGlobalSection
EndGlobal
